
Microsoft Visual Studio Solution File, Format Version 12.00
# Visual Studio Version 17
VisualStudioVersion = 17.8.34205.153
MinimumVisualStudioVersion = 10.0.40219.1
Project("{FAE04EC0-301F-11D3-BF4B-00C04F79EFBC}") = "testingCrypto", "testingCrypto\testingCrypto.csproj", "{0BCF7AD1-E3DE-473B-BF49-2AC49F65C5C1}"
EndProject
Global
	GlobalSection(SolutionConfigurationPlatforms) = preSolution
		Debug|Any CPU = Debug|Any CPU
		Release|Any CPU = Release|Any CPU
	EndGlobalSection
	GlobalSection(ProjectConfigurationPlatforms) = postSolution
		{0BCF7AD1-E3DE-473B-BF49-2AC49F65C5C1}.Debug|Any CPU.ActiveCfg = Debug|Any CPU
		{0BCF7AD1-E3DE-473B-BF49-2AC49F65C5C1}.Debug|Any CPU.Build.0 = Debug|Any CPU
		{0BCF7AD1-E3DE-473B-BF49-2AC49F65C5C1}.Release|Any CPU.ActiveCfg = Release|Any CPU
		{0BCF7AD1-E3DE-473B-BF49-2AC49F65C5C1}.Release|Any CPU.Build.0 = Release|Any CPU
	EndGlobalSection
	GlobalSection(SolutionProperties) = preSolution
		HideSolutionNode = FALSE
	EndGlobalSection
	GlobalSection(ExtensibilityGlobals) = postSolution
		SolutionGuid = {9C68F139-2DA3-4FC8-8856-8773B11A5A7C}
	EndGlobalSection
EndGlobal
